
Microsoft Visual Studio Solution File, Format Version 12.00
# Visual Studio Version 17
VisualStudioVersion = 17.0.31903.59
MinimumVisualStudioVersion = 10.0.40219.1
Project("{2150E333-8FDC-42A3-9474-1A3956D46DE8}") = "src", "src", "{827E0CD3-B72D-47B6-A68D-7590B98EB39B}"
EndProject
Project("{FAE04EC0-301F-11D3-BF4B-00C04F79EFBC}") = "CMakeDapLink.App", "src\CMakeDapLink.App\CMakeDapLink.App.csproj", "{8CA2398B-527F-4E65-8BCB-928AE6605CC2}"
EndProject
Project("{FAE04EC0-301F-11D3-BF4B-00C04F79EFBC}") = "CMakeDapLink.Core", "src\CMakeDapLink.Core\CMakeDapLink.Core.csproj", "{21E5A0C5-D79A-4CBE-9227-1F50D6887B76}"
EndProject
Project("{2150E333-8FDC-42A3-9474-1A3956D46DE8}") = "tests", "tests", "{0AB3BF05-4346-4AA6-1389-037BE0695223}"
EndProject
Project("{FAE04EC0-301F-11D3-BF4B-00C04F79EFBC}") = "CMakeDapLink.Tests", "tests\CMakeDapLink.Tests\CMakeDapLink.Tests.csproj", "{765720BA-320E-4398-920F-ED143D0399CE}"
EndProject
Project("{FAE04EC0-301F-11D3-BF4B-00C04F79EFBC}") = "CMakeDapLink.UiTests", "tests\CMakeDapLink.UiTests\CMakeDapLink.UiTests.csproj", "{BB5C4FA4-67F3-41E7-AEFC-5F1386356BC0}"
EndProject
Project("{FAE04EC0-301F-11D3-BF4B-00C04F79EFBC}") = "CMakeDapLink.Smoke", "tests\CMakeDapLink.Smoke\CMakeDapLink.Smoke.csproj", "{86B3E2A4-D878-4A2E-9FA9-7540ACF5D86F}"
EndProject
Global
	GlobalSection(SolutionConfigurationPlatforms) = preSolution
		Debug|Any CPU = Debug|Any CPU
		Debug|x64 = Debug|x64
		Debug|x86 = Debug|x86
		Release|Any CPU = Release|Any CPU
		Release|x64 = Release|x64
		Release|x86 = Release|x86
	EndGlobalSection
	GlobalSection(ProjectConfigurationPlatforms) = postSolution
		{8CA2398B-527F-4E65-8BCB-928AE6605CC2}.Debug|Any CPU.ActiveCfg = Debug|Any CPU
		{8CA2398B-527F-4E65-8BCB-928AE6605CC2}.Debug|Any CPU.Build.0 = Debug|Any CPU
		{8CA2398B-527F-4E65-8BCB-928AE6605CC2}.Debug|x64.ActiveCfg = Debug|Any CPU
		{8CA2398B-527F-4E65-8BCB-928AE6605CC2}.Debug|x64.Build.0 = Debug|Any CPU
		{8CA2398B-527F-4E65-8BCB-928AE6605CC2}.Debug|x86.ActiveCfg = Debug|Any CPU
		{8CA2398B-527F-4E65-8BCB-928AE6605CC2}.Debug|x86.Build.0 = Debug|Any CPU
		{8CA2398B-527F-4E65-8BCB-928AE6605CC2}.Release|Any CPU.ActiveCfg = Release|Any CPU
		{8CA2398B-527F-4E65-8BCB-928AE6605CC2}.Release|Any CPU.Build.0 = Release|Any CPU
		{8CA2398B-527F-4E65-8BCB-928AE6605CC2}.Release|x64.ActiveCfg = Release|Any CPU
		{8CA2398B-527F-4E65-8BCB-928AE6605CC2}.Release|x64.Build.0 = Release|Any CPU
		{8CA2398B-527F-4E65-8BCB-928AE6605CC2}.Release|x86.ActiveCfg = Release|Any CPU
		{8CA2398B-527F-4E65-8BCB-928AE6605CC2}.Release|x86.Build.0 = Release|Any CPU
		{21E5A0C5-D79A-4CBE-9227-1F50D6887B76}.Debug|Any CPU.ActiveCfg = Debug|Any CPU
		{21E5A0C5-D79A-4CBE-9227-1F50D6887B76}.Debug|Any CPU.Build.0 = Debug|Any CPU
		{21E5A0C5-D79A-4CBE-9227-1F50D6887B76}.Debug|x64.ActiveCfg = Debug|Any CPU
		{21E5A0C5-D79A-4CBE-9227-1F50D6887B76}.Debug|x64.Build.0 = Debug|Any CPU
		{21E5A0C5-D79A-4CBE-9227-1F50D6887B76}.Debug|x86.ActiveCfg = Debug|Any CPU
		{21E5A0C5-D79A-4CBE-9227-1F50D6887B76}.Debug|x86.Build.0 = Debug|Any CPU
		{21E5A0C5-D79A-4CBE-9227-1F50D6887B76}.Release|Any CPU.ActiveCfg = Release|Any CPU
		{21E5A0C5-D79A-4CBE-9227-1F50D6887B76}.Release|Any CPU.Build.0 = Release|Any CPU
		{21E5A0C5-D79A-4CBE-9227-1F50D6887B76}.Release|x64.ActiveCfg = Release|Any CPU
		{21E5A0C5-D79A-4CBE-9227-1F50D6887B76}.Release|x64.Build.0 = Release|Any CPU
		{21E5A0C5-D79A-4CBE-9227-1F50D6887B76}.Release|x86.ActiveCfg = Release|Any CPU
		{21E5A0C5-D79A-4CBE-9227-1F50D6887B76}.Release|x86.Build.0 = Release|Any CPU
		{765720BA-320E-4398-920F-ED143D0399CE}.Debug|Any CPU.ActiveCfg = Debug|Any CPU
		{765720BA-320E-4398-920F-ED143D0399CE}.Debug|Any CPU.Build.0 = Debug|Any CPU
		{765720BA-320E-4398-920F-ED143D0399CE}.Debug|x64.ActiveCfg = Debug|Any CPU
		{765720BA-320E-4398-920F-ED143D0399CE}.Debug|x64.Build.0 = Debug|Any CPU
		{765720BA-320E-4398-920F-ED143D0399CE}.Debug|x86.ActiveCfg = Debug|Any CPU
		{765720BA-320E-4398-920F-ED143D0399CE}.Debug|x86.Build.0 = Debug|Any CPU
		{765720BA-320E-4398-920F-ED143D0399CE}.Release|Any CPU.ActiveCfg = Release|Any CPU
		{765720BA-320E-4398-920F-ED143D0399CE}.Release|Any CPU.Build.0 = Release|Any CPU
		{765720BA-320E-4398-920F-ED143D0399CE}.Release|x64.ActiveCfg = Release|Any CPU
		{765720BA-320E-4398-920F-ED143D0399CE}.Release|x64.Build.0 = Release|Any CPU
		{765720BA-320E-4398-920F-ED143D0399CE}.Release|x86.ActiveCfg = Release|Any CPU
		{765720BA-320E-4398-920F-ED143D0399CE}.Release|x86.Build.0 = Release|Any CPU
		{BB5C4FA4-67F3-41E7-AEFC-5F1386356BC0}.Debug|Any CPU.ActiveCfg = Debug|Any CPU
		{BB5C4FA4-67F3-41E7-AEFC-5F1386356BC0}.Debug|Any CPU.Build.0 = Debug|Any CPU
		{BB5C4FA4-67F3-41E7-AEFC-5F1386356BC0}.Debug|x64.ActiveCfg = Debug|Any CPU
		{BB5C4FA4-67F3-41E7-AEFC-5F1386356BC0}.Debug|x64.Build.0 = Debug|Any CPU
		{BB5C4FA4-67F3-41E7-AEFC-5F1386356BC0}.Debug|x86.ActiveCfg = Debug|Any CPU
		{BB5C4FA4-67F3-41E7-AEFC-5F1386356BC0}.Debug|x86.Build.0 = Debug|Any CPU
		{BB5C4FA4-67F3-41E7-AEFC-5F1386356BC0}.Release|Any CPU.ActiveCfg = Release|Any CPU
		{BB5C4FA4-67F3-41E7-AEFC-5F1386356BC0}.Release|Any CPU.Build.0 = Release|Any CPU
		{BB5C4FA4-67F3-41E7-AEFC-5F1386356BC0}.Release|x64.ActiveCfg = Release|Any CPU
		{BB5C4FA4-67F3-41E7-AEFC-5F1386356BC0}.Release|x64.Build.0 = Release|Any CPU
		{BB5C4FA4-67F3-41E7-AEFC-5F1386356BC0}.Release|x86.ActiveCfg = Release|Any CPU
		{BB5C4FA4-67F3-41E7-AEFC-5F1386356BC0}.Release|x86.Build.0 = Release|Any CPU
		{86B3E2A4-D878-4A2E-9FA9-7540ACF5D86F}.Debug|Any CPU.ActiveCfg = Debug|Any CPU
		{86B3E2A4-D878-4A2E-9FA9-7540ACF5D86F}.Debug|Any CPU.Build.0 = Debug|Any CPU
		{86B3E2A4-D878-4A2E-9FA9-7540ACF5D86F}.Debug|x64.ActiveCfg = Debug|Any CPU
		{86B3E2A4-D878-4A2E-9FA9-7540ACF5D86F}.Debug|x64.Build.0 = Debug|Any CPU
		{86B3E2A4-D878-4A2E-9FA9-7540ACF5D86F}.Debug|x86.ActiveCfg = Debug|Any CPU
		{86B3E2A4-D878-4A2E-9FA9-7540ACF5D86F}.Debug|x86.Build.0 = Debug|Any CPU
		{86B3E2A4-D878-4A2E-9FA9-7540ACF5D86F}.Release|Any CPU.ActiveCfg = Release|Any CPU
		{86B3E2A4-D878-4A2E-9FA9-7540ACF5D86F}.Release|Any CPU.Build.0 = Release|Any CPU
		{86B3E2A4-D878-4A2E-9FA9-7540ACF5D86F}.Release|x64.ActiveCfg = Release|Any CPU
		{86B3E2A4-D878-4A2E-9FA9-7540ACF5D86F}.Release|x64.Build.0 = Release|Any CPU
		{86B3E2A4-D878-4A2E-9FA9-7540ACF5D86F}.Release|x86.ActiveCfg = Release|Any CPU
		{86B3E2A4-D878-4A2E-9FA9-7540ACF5D86F}.Release|x86.Build.0 = Release|Any CPU
	EndGlobalSection
	GlobalSection(SolutionProperties) = preSolution
		HideSolutionNode = FALSE
	EndGlobalSection
	GlobalSection(NestedProjects) = preSolution
		{8CA2398B-527F-4E65-8BCB-928AE6605CC2} = {827E0CD3-B72D-47B6-A68D-7590B98EB39B}
		{21E5A0C5-D79A-4CBE-9227-1F50D6887B76} = {827E0CD3-B72D-47B6-A68D-7590B98EB39B}
		{765720BA-320E-4398-920F-ED143D0399CE} = {0AB3BF05-4346-4AA6-1389-037BE0695223}
		{BB5C4FA4-67F3-41E7-AEFC-5F1386356BC0} = {0AB3BF05-4346-4AA6-1389-037BE0695223}
		{86B3E2A4-D878-4A2E-9FA9-7540ACF5D86F} = {0AB3BF05-4346-4AA6-1389-037BE0695223}
	EndGlobalSection
EndGlobal
